
Microsoft Visual Studio Solution File, Format Version 12.00
# Visual Studio Version 17
VisualStudioVersion = 17.14.36327.8 d17.14
MinimumVisualStudioVersion = 10.0.40219.1
Project("{FAE04EC0-301F-11D3-BF4B-00C04F79EFBC}") = "SoftCep.Api", "SoftCep.Api\SoftCep.Api.csproj", "{B6CF33E9-AF9A-476C-A0A2-70E61EB58196}"
EndProject
Project("{FAE04EC0-301F-11D3-BF4B-00C04F79EFBC}") = "SoftCep.Domain", "SoftCep.Domain\SoftCep.Domain.csproj", "{92F5E8B0-23A3-466F-A32D-B791063A0A64}"
EndProject
Project("{FAE04EC0-301F-11D3-BF4B-00C04F79EFBC}") = "SoftCep.Application", "SoftCep.Application\SoftCep.Application.csproj", "{C7F531ED-8605-49F0-B463-89B2FA812F08}"
EndProject
Project("{FAE04EC0-301F-11D3-BF4B-00C04F79EFBC}") = "SoftCep.Infra", "SoftCep.Infra\SoftCep.Infra.csproj", "{6445D162-CC02-4CAB-B051-AC1BAFA2B259}"
EndProject
Project("{FAE04EC0-301F-11D3-BF4B-00C04F79EFBC}") = "SoftCep.Tests", "SoftCep.Tests\SoftCep.Tests.csproj", "{4060BB17-DCE0-4197-BCE6-01DD4262169B}"
EndProject
Global
	GlobalSection(SolutionConfigurationPlatforms) = preSolution
		Debug|Any CPU = Debug|Any CPU
		Release|Any CPU = Release|Any CPU
	EndGlobalSection
	GlobalSection(ProjectConfigurationPlatforms) = postSolution
		{B6CF33E9-AF9A-476C-A0A2-70E61EB58196}.Debug|Any CPU.ActiveCfg = Debug|Any CPU
		{B6CF33E9-AF9A-476C-A0A2-70E61EB58196}.Debug|Any CPU.Build.0 = Debug|Any CPU
		{B6CF33E9-AF9A-476C-A0A2-70E61EB58196}.Release|Any CPU.ActiveCfg = Release|Any CPU
		{B6CF33E9-AF9A-476C-A0A2-70E61EB58196}.Release|Any CPU.Build.0 = Release|Any CPU
		{92F5E8B0-23A3-466F-A32D-B791063A0A64}.Debug|Any CPU.ActiveCfg = Debug|Any CPU
		{92F5E8B0-23A3-466F-A32D-B791063A0A64}.Debug|Any CPU.Build.0 = Debug|Any CPU
		{92F5E8B0-23A3-466F-A32D-B791063A0A64}.Release|Any CPU.ActiveCfg = Release|Any CPU
		{92F5E8B0-23A3-466F-A32D-B791063A0A64}.Release|Any CPU.Build.0 = Release|Any CPU
		{C7F531ED-8605-49F0-B463-89B2FA812F08}.Debug|Any CPU.ActiveCfg = Debug|Any CPU
		{C7F531ED-8605-49F0-B463-89B2FA812F08}.Debug|Any CPU.Build.0 = Debug|Any CPU
		{C7F531ED-8605-49F0-B463-89B2FA812F08}.Release|Any CPU.ActiveCfg = Release|Any CPU
		{C7F531ED-8605-49F0-B463-89B2FA812F08}.Release|Any CPU.Build.0 = Release|Any CPU
		{6445D162-CC02-4CAB-B051-AC1BAFA2B259}.Debug|Any CPU.ActiveCfg = Debug|Any CPU
		{6445D162-CC02-4CAB-B051-AC1BAFA2B259}.Debug|Any CPU.Build.0 = Debug|Any CPU
		{6445D162-CC02-4CAB-B051-AC1BAFA2B259}.Release|Any CPU.ActiveCfg = Release|Any CPU
		{6445D162-CC02-4CAB-B051-AC1BAFA2B259}.Release|Any CPU.Build.0 = Release|Any CPU
		{4060BB17-DCE0-4197-BCE6-01DD4262169B}.Debug|Any CPU.ActiveCfg = Debug|Any CPU
		{4060BB17-DCE0-4197-BCE6-01DD4262169B}.Debug|Any CPU.Build.0 = Debug|Any CPU
		{4060BB17-DCE0-4197-BCE6-01DD4262169B}.Release|Any CPU.ActiveCfg = Release|Any CPU
		{4060BB17-DCE0-4197-BCE6-01DD4262169B}.Release|Any CPU.Build.0 = Release|Any CPU
	EndGlobalSection
	GlobalSection(SolutionProperties) = preSolution
		HideSolutionNode = FALSE
	EndGlobalSection
	GlobalSection(ExtensibilityGlobals) = postSolution
		SolutionGuid = {9D2FDFA6-CE59-47A5-8CF5-680E77CCCFC6}
	EndGlobalSection
EndGlobal
